// !$*UTF8*$!
{
	archiveVersion = 1;
	classes = {
	};
	objectVersion = 46;
	objects = {

/* Begin PBXBuildFile section */
		E4BC9A031A273E5B00BC4C2C /* main.m in Sources */ = {isa = PBXBuildFile; fileRef = E4BC9A021A273E5B00BC4C2C /* main.m */; };
		E4BC9A061A273E5B00BC4C2C /* AppDelegate.m in Sources */ = {isa = PBXBuildFile; fileRef = E4BC9A051A273E5B00BC4C2C /* AppDelegate.m */; };
		E4BC9A091A273E5B00BC4C2C /* ViewController.m in Sources */ = {isa = PBXBuildFile; fileRef = E4BC9A081A273E5B00BC4C2C /* ViewController.m */; };
		E4BC9A0C1A273E5B00BC4C2C /* Main.storyboard in Resources */ = {isa = PBXBuildFile; fileRef = E4BC9A0A1A273E5B00BC4C2C /* Main.storyboard */; };
		E4BC9A0E1A273E5B00BC4C2C /* Images.xcassets in Resources */ = {isa = PBXBuildFile; fileRef = E4BC9A0D1A273E5B00BC4C2C /* Images.xcassets */; };
		E4BC9A111A273E5B00BC4C2C /* LaunchScreen.xib in Resources */ = {isa = PBXBuildFile; fileRef = E4BC9A0F1A273E5B00BC4C2C /* LaunchScreen.xib */; };
		E4BC9A1D1A273E5B00BC4C2C /* CountryPickerTests.m in Sources */ = {isa = PBXBuildFile; fileRef = E4BC9A1C1A273E5B00BC4C2C /* CountryPickerTests.m */; };
		E4BC9A361A27500E00BC4C2C /* agt.gif in Resources */ = {isa = PBXBuildFile; fileRef = E4BC9A271A27500E00BC4C2C /* agt.gif */; };
		E4BC9A371A27500E00BC4C2C /* baxi.gif in Resources */ = {isa = PBXBuildFile; fileRef = E4BC9A281A27500E00BC4C2C /* baxi.gif */; };
		E4BC9A381A27500E00BC4C2C /* deguo.gif in Resources */ = {isa = PBXBuildFile; fileRef = E4BC9A291A27500E00BC4C2C /* deguo.gif */; };
		E4BC9A391A27500E00BC4C2C /* faguo.gif in Resources */ = {isa = PBXBuildFile; fileRef = E4BC9A2A1A27500E00BC4C2C /* faguo.gif */; };
		E4BC9A3A1A27500E00BC4C2C /* flags.plist in Resources */ = {isa = PBXBuildFile; fileRef = E4BC9A2B1A27500E00BC4C2C /* flags.plist */; };
		E4BC9A3B1A27500E00BC4C2C /* hanguo.gif in Resources */ = {isa = PBXBuildFile; fileRef = E4BC9A2C1A27500E00BC4C2C /* hanguo.gif */; };
		E4BC9A3C1A27500E00BC4C2C /* helan.gif in Resources */ = {isa = PBXBuildFile; fileRef = E4BC9A2D1A27500E00BC4C2C /* helan.gif */; };
		E4BC9A3D1A27500E00BC4C2C /* putaoya.gif in Resources */ = {isa = PBXBuildFile; fileRef = E4BC9A2E1A27500E00BC4C2C /* putaoya.gif */; };
		E4BC9A3E1A27500E00BC4C2C /* ruidian.gif in Resources */ = {isa = PBXBuildFile; fileRef = E4BC9A2F1A27500E00BC4C2C /* ruidian.gif */; };
		E4BC9A3F1A27500E00BC4C2C /* ruishi.gif in Resources */ = {isa = PBXBuildFile; fileRef = E4BC9A301A27500E00BC4C2C /* ruishi.gif */; };
		E4BC9A401A27500E00BC4C2C /* wlgui.gif in Resources */ = {isa = PBXBuildFile; fileRef = E4BC9A311A27500E00BC4C2C /* wlgui.gif */; };
		E4BC9A411A27500E00BC4C2C /* xiby.gif in Resources */ = {isa = PBXBuildFile; fileRef = E4BC9A321A27500E00BC4C2C /* xiby.gif */; };
		E4BC9A421A27500E00BC4C2C /* ydl.gif in Resources */ = {isa = PBXBuildFile; fileRef = E4BC9A331A27500E00BC4C2C /* ydl.gif */; };
		E4BC9A431A27500E00BC4C2C /* ying.gif in Resources */ = {isa = PBXBuildFile; fileRef = E4BC9A341A27500E00BC4C2C /* ying.gif */; };
		E4BC9A441A27500E00BC4C2C /* zhongguo.jpg in Resources */ = {isa = PBXBuildFile; fileRef = E4BC9A351A27500E00BC4C2C /* zhongguo.jpg */; };
		E4BC9A4B1A27525300BC4C2C /* CPCountry.m in Sources */ = {isa = PBXBuildFile; fileRef = E4BC9A4A1A27525300BC4C2C /* CPCountry.m */; };
		E4BC9A4D1A275A4200BC4C2C /* CPCountryView.xib in Resources */ = {isa = PBXBuildFile; fileRef = E4BC9A4C1A275A4200BC4C2C /* CPCountryView.xib */; };
		E4BC9A501A275C9D00BC4C2C /* CPCountryView.m in Sources */ = {isa = PBXBuildFile; fileRef = E4BC9A4F1A275C9D00BC4C2C /* CPCountryView.m */; };
/* End PBXBuildFile section */

/* Begin PBXContainerItemProxy section */
		E4BC9A171A273E5B00BC4C2C /* PBXContainerItemProxy */ = {
			isa = PBXContainerItemProxy;
			containerPortal = E4BC99F51A273E5B00BC4C2C /* Project object */;
			proxyType = 1;
			remoteGlobalIDString = E4BC99FC1A273E5B00BC4C2C;
			remoteInfo = CountryPicker;
		};
/* End PBXContainerItemProxy section */

/* Begin PBXFileReference section */
		E4BC99FD1A273E5B00BC4C2C /* CountryPicker.app */ = {isa = PBXFileReference; explicitFileType = wrapper.application; includeInIndex = 0; path = CountryPicker.app; sourceTree = BUILT_PRODUCTS_DIR; };
		E4BC9A011A273E5B00BC4C2C /* Info.plist */ = {isa = PBXFileReference; lastKnownFileType = text.plist.xml; path = Info.plist; sourceTree = "<group>"; };
		E4BC9A021A273E5B00BC4C2C /* main.m */ = {isa = PBXFileReference; lastKnownFileType = sourcecode.c.objc; path = main.m; sourceTree = "<group>"; };
		E4BC9A041A273E5B00BC4C2C /* AppDelegate.h */ = {isa = PBXFileReference; lastKnownFileType = sourcecode.c.h; path = AppDelegate.h; sourceTree = "<group>"; };
		E4BC9A051A273E5B00BC4C2C /* AppDelegate.m */ = {isa = PBXFileReference; lastKnownFileType = sourcecode.c.objc; path = AppDelegate.m; sourceTree = "<group>"; };
		E4BC9A071A273E5B00BC4C2C /* ViewController.h */ = {isa = PBXFileReference; lastKnownFileType = sourcecode.c.h; path = ViewController.h; sourceTree = "<group>"; };
		E4BC9A081A273E5B00BC4C2C /* ViewController.m */ = {isa = PBXFileReference; lastKnownFileType = sourcecode.c.objc; path = ViewController.m; sourceTree = "<group>"; };
		E4BC9A0B1A273E5B00BC4C2C /* Base */ = {isa = PBXFileReference; lastKnownFileType = file.storyboard; name = Base; path = Base.lproj/Main.storyboard; sourceTree = "<group>"; };
		E4BC9A0D1A273E5B00BC4C2C /* Images.xcassets */ = {isa = PBXFileReference; lastKnownFileType = folder.assetcatalog; path = Images.xcassets; sourceTree = "<group>"; };
		E4BC9A101A273E5B00BC4C2C /* Base */ = {isa = PBXFileReference; lastKnownFileType = file.xib; name = Base; path = Base.lproj/LaunchScreen.xib; sourceTree = "<group>"; };
		E4BC9A161A273E5B00BC4C2C /* CountryPickerTests.xctest */ = {isa = PBXFileReference; explicitFileType = wrapper.cfbundle; includeInIndex = 0; path = CountryPickerTests.xctest; sourceTree = BUILT_PRODUCTS_DIR; };
		E4BC9A1B1A273E5B00BC4C2C /* Info.plist */ = {isa = PBXFileReference; lastKnownFileType = text.plist.xml; path = Info.plist; sourceTree = "<group>"; };
		E4BC9A1C1A273E5B00BC4C2C /* CountryPickerTests.m */ = {isa = PBXFileReference; lastKnownFileType = sourcecode.c.objc; path = CountryPickerTests.m; sourceTree = "<group>"; };
		E4BC9A271A27500E00BC4C2C /* agt.gif */ = {isa = PBXFileReference; lastKnownFileType = image.gif; path = agt.gif; sourceTree = "<group>"; };
		E4BC9A281A27500E00BC4C2C /* baxi.gif */ = {isa = PBXFileReference; lastKnownFileType = image.gif; path = baxi.gif; sourceTree = "<group>"; };
		E4BC9A291A27500E00BC4C2C /* deguo.gif */ = {isa = PBXFileReference; lastKnownFileType = image.gif; path = deguo.gif; sourceTree = "<group>"; };
		E4BC9A2A1A27500E00BC4C2C /* faguo.gif */ = {isa = PBXFileReference; lastKnownFileType = image.gif; path = faguo.gif; sourceTree = "<group>"; };
		E4BC9A2B1A27500E00BC4C2C /* flags.plist */ = {isa = PBXFileReference; fileEncoding = 4; lastKnownFileType = text.plist.xml; path = flags.plist; sourceTree = "<group>"; };
		E4BC9A2C1A27500E00BC4C2C /* hanguo.gif */ = {isa = PBXFileReference; lastKnownFileType = image.gif; path = hanguo.gif; sourceTree = "<group>"; };
		E4BC9A2D1A27500E00BC4C2C /* helan.gif */ = {isa = PBXFileReference; lastKnownFileType = image.gif; path = helan.gif; sourceTree = "<group>"; };
		E4BC9A2E1A27500E00BC4C2C /* putaoya.gif */ = {isa = PBXFileReference; lastKnownFileType = image.gif; path = putaoya.gif; sourceTree = "<group>"; };
		E4BC9A2F1A27500E00BC4C2C /* ruidian.gif */ = {isa = PBXFileReference; lastKnownFileType = image.gif; path = ruidian.gif; sourceTree = "<group>"; };
		E4BC9A301A27500E00BC4C2C /* ruishi.gif */ = {isa = PBXFileReference; lastKnownFileType = image.gif; path = ruishi.gif; sourceTree = "<group>"; };
		E4BC9A311A27500E00BC4C2C /* wlgui.gif */ = {isa = PBXFileReference; lastKnownFileType = image.gif; path = wlgui.gif; sourceTree = "<group>"; };
		E4BC9A321A27500E00BC4C2C /* xiby.gif */ = {isa = PBXFileReference; lastKnownFileType = image.gif; path = xiby.gif; sourceTree = "<group>"; };
		E4BC9A331A27500E00BC4C2C /* ydl.gif */ = {isa = PBXFileReference; lastKnownFileType = image.gif; path = ydl.gif; sourceTree = "<group>"; };
		E4BC9A341A27500E00BC4C2C /* ying.gif */ = {isa = PBXFileReference; lastKnownFileType = image.gif; path = ying.gif; sourceTree = "<group>"; };
		E4BC9A351A27500E00BC4C2C /* zhongguo.jpg */ = {isa = PBXFileReference; lastKnownFileType = image.jpeg; path = zhongguo.jpg; sourceTree = "<group>"; };
		E4BC9A481A27516F00BC4C2C /* Common.h */ = {isa = PBXFileReference; fileEncoding = 4; lastKnownFileType = sourcecode.c.h; path = Common.h; sourceTree = "<group>"; };
		E4BC9A491A27525300BC4C2C /* CPCountry.h */ = {isa = PBXFileReference; fileEncoding = 4; lastKnownFileType = sourcecode.c.h; path = CPCountry.h; sourceTree = "<group>"; };
		E4BC9A4A1A27525300BC4C2C /* CPCountry.m */ = {isa = PBXFileReference; fileEncoding = 4; lastKnownFileType = sourcecode.c.objc; path = CPCountry.m; sourceTree = "<group>"; };
		E4BC9A4C1A275A4200BC4C2C /* CPCountryView.xib */ = {isa = PBXFileReference; fileEncoding = 4; lastKnownFileType = file.xib; path = CPCountryView.xib; sourceTree = "<group>"; };
		E4BC9A4E1A275C9D00BC4C2C /* CPCountryView.h */ = {isa = PBXFileReference; fileEncoding = 4; lastKnownFileType = sourcecode.c.h; path = CPCountryView.h; sourceTree = "<group>"; };
		E4BC9A4F1A275C9D00BC4C2C /* CPCountryView.m */ = {isa = PBXFileReference; fileEncoding = 4; lastKnownFileType = sourcecode.c.objc; path = CPCountryView.m; sourceTree = "<group>"; };
/* End PBXFileReference section */

/* Begin PBXFrameworksBuildPhase section */
		E4BC99FA1A273E5B00BC4C2C /* Frameworks */ = {
			isa = PBXFrameworksBuildPhase;
			buildActionMask = 2147483647;
			files = (
			);
			runOnlyForDeploymentPostprocessing = 0;
		};
		E4BC9A131A273E5B00BC4C2C /* Frameworks */ = {
			isa = PBXFrameworksBuildPhase;
			buildActionMask = 2147483647;
			files = (
			);
			runOnlyForDeploymentPostprocessing = 0;
		};
/* End PBXFrameworksBuildPhase section */

/* Begin PBXGroup section */
		E4BC99F41A273E5B00BC4C2C = {
			isa = PBXGroup;
			children = (
				E4BC99FF1A273E5B00BC4C2C /* CountryPicker */,
				E4BC9A191A273E5B00BC4C2C /* CountryPickerTests */,
				E4BC99FE1A273E5B00BC4C2C /* Products */,
			);
			sourceTree = "<group>";
		};
		E4BC99FE1A273E5B00BC4C2C /* Products */ = {
			isa = PBXGroup;
			children = (
				E4BC99FD1A273E5B00BC4C2C /* CountryPicker.app */,
				E4BC9A161A273E5B00BC4C2C /* CountryPickerTests.xctest */,
			);
			name = Products;
			sourceTree = "<group>";
		};
		E4BC99FF1A273E5B00BC4C2C /* CountryPicker */ = {
			isa = PBXGroup;
			children = (
				E4BC9A041A273E5B00BC4C2C /* AppDelegate.h */,
				E4BC9A051A273E5B00BC4C2C /* AppDelegate.m */,
				E4BC9A071A273E5B00BC4C2C /* ViewController.h */,
				E4BC9A081A273E5B00BC4C2C /* ViewController.m */,
				E4BC9A0A1A273E5B00BC4C2C /* Main.storyboard */,
				E4BC9A0D1A273E5B00BC4C2C /* Images.xcassets */,
				E4BC9A0F1A273E5B00BC4C2C /* LaunchScreen.xib */,
				E4BC9A001A273E5B00BC4C2C /* Supporting Files */,
				E4BC9A481A27516F00BC4C2C /* Common.h */,
				E4BC9A491A27525300BC4C2C /* CPCountry.h */,
				E4BC9A4A1A27525300BC4C2C /* CPCountry.m */,
				E4BC9A4C1A275A4200BC4C2C /* CPCountryView.xib */,
				E4BC9A4E1A275C9D00BC4C2C /* CPCountryView.h */,
				E4BC9A4F1A275C9D00BC4C2C /* CPCountryView.m */,
			);
			path = CountryPicker;
			sourceTree = "<group>";
		};
		E4BC9A001A273E5B00BC4C2C /* Supporting Files */ = {
			isa = PBXGroup;
			children = (
				E4BC9A261A27500E00BC4C2C /* flags */,
				E4BC9A011A273E5B00BC4C2C /* Info.plist */,
				E4BC9A021A273E5B00BC4C2C /* main.m */,
			);
			name = "Supporting Files";
			sourceTree = "<group>";
		};
		E4BC9A191A273E5B00BC4C2C /* CountryPickerTests */ = {
			isa = PBXGroup;
			children = (
				E4BC9A1C1A273E5B00BC4C2C /* CountryPickerTests.m */,
				E4BC9A1A1A273E5B00BC4C2C /* Supporting Files */,
			);
			path = CountryPickerTests;
			sourceTree = "<group>";
		};
		E4BC9A1A1A273E5B00BC4C2C /* Supporting Files */ = {
			isa = PBXGroup;
			children = (
				E4BC9A1B1A273E5B00BC4C2C /* Info.plist */,
			);
			name = "Supporting Files";
			sourceTree = "<group>";
		};
		E4BC9A261A27500E00BC4C2C /* flags */ = {
			isa = PBXGroup;
			children = (
				E4BC9A271A27500E00BC4C2C /* agt.gif */,
				E4BC9A281A27500E00BC4C2C /* baxi.gif */,
				E4BC9A291A27500E00BC4C2C /* deguo.gif */,
				E4BC9A2A1A27500E00BC4C2C /* faguo.gif */,
				E4BC9A2B1A27500E00BC4C2C /* flags.plist */,
				E4BC9A2C1A27500E00BC4C2C /* hanguo.gif */,
				E4BC9A2D1A27500E00BC4C2C /* helan.gif */,
				E4BC9A2E1A27500E00BC4C2C /* putaoya.gif */,
				E4BC9A2F1A27500E00BC4C2C /* ruidian.gif */,
				E4BC9A301A27500E00BC4C2C /* ruishi.gif */,
				E4BC9A311A27500E00BC4C2C /* wlgui.gif */,
				E4BC9A321A27500E00BC4C2C /* xiby.gif */,
				E4BC9A331A27500E00BC4C2C /* ydl.gif */,
				E4BC9A341A27500E00BC4C2C /* ying.gif */,
				E4BC9A351A27500E00BC4C2C /* zhongguo.jpg */,
			);
			path = flags;
			sourceTree = "<group>";
		};
/* End PBXGroup section */

/* Begin PBXNativeTarget section */
		E4BC99FC1A273E5B00BC4C2C /* CountryPicker */ = {
			isa = PBXNativeTarget;
			buildConfigurationList = E4BC9A201A273E5B00BC4C2C /* Build configuration list for PBXNativeTarget "CountryPicker" */;
			buildPhases = (
				E4BC99F91A273E5B00BC4C2C /* Sources */,
				E4BC99FA1A273E5B00BC4C2C /* Frameworks */,
				E4BC99FB1A273E5B00BC4C2C /* Resources */,
			);
			buildRules = (
			);
			dependencies = (
			);
			name = CountryPicker;
			productName = CountryPicker;
			productReference = E4BC99FD1A273E5B00BC4C2C /* CountryPicker.app */;
			productType = "com.apple.product-type.application";
		};
		E4BC9A151A273E5B00BC4C2C /* CountryPickerTests */ = {
			isa = PBXNativeTarget;
			buildConfigurationList = E4BC9A231A273E5B00BC4C2C /* Build configuration list for PBXNativeTarget "CountryPickerTests" */;
			buildPhases = (
				E4BC9A121A273E5B00BC4C2C /* Sources */,
				E4BC9A131A273E5B00BC4C2C /* Frameworks */,
				E4BC9A141A273E5B00BC4C2C /* Resources */,
			);
			buildRules = (
			);
			dependencies = (
				E4BC9A181A273E5B00BC4C2C /* PBXTargetDependency */,
			);
			name = CountryPickerTests;
			productName = CountryPickerTests;
			productReference = E4BC9A161A273E5B00BC4C2C /* CountryPickerTests.xctest */;
			productType = "com.apple.product-type.bundle.unit-test";
		};
/* End PBXNativeTarget section */

/* Begin PBXProject section */
		E4BC99F51A273E5B00BC4C2C /* Project object */ = {
			isa = PBXProject;
			attributes = {
				LastUpgradeCheck = 0610;
				ORGANIZATIONNAME = "Hannibal Yang";
				TargetAttributes = {
					E4BC99FC1A273E5B00BC4C2C = {
						CreatedOnToolsVersion = 6.1;
					};
					E4BC9A151A273E5B00BC4C2C = {
						CreatedOnToolsVersion = 6.1;
						TestTargetID = E4BC99FC1A273E5B00BC4C2C;
					};
				};
			};
			buildConfigurationList = E4BC99F81A273E5B00BC4C2C /* Build configuration list for PBXProject "CountryPicker" */;
			compatibilityVersion = "Xcode 3.2";
			developmentRegion = English;
			hasScannedForEncodings = 0;
			knownRegions = (
				en,
				Base,
			);
			mainGroup = E4BC99F41A273E5B00BC4C2C;
			productRefGroup = E4BC99FE1A273E5B00BC4C2C /* Products */;
			projectDirPath = "";
			projectRoot = "";
			targets = (
				E4BC99FC1A273E5B00BC4C2C /* CountryPicker */,
				E4BC9A151A273E5B00BC4C2C /* CountryPickerTests */,
			);
		};
/* End PBXProject section */

/* Begin PBXResourcesBuildPhase section */
		E4BC99FB1A273E5B00BC4C2C /* Resources */ = {
			isa = PBXResourcesBuildPhase;
			buildActionMask = 2147483647;
			files = (
				E4BC9A0C1A273E5B00BC4C2C /* Main.storyboard in Resources */,
				E4BC9A4D1A275A4200BC4C2C /* CPCountryView.xib in Resources */,
				E4BC9A3B1A27500E00BC4C2C /* hanguo.gif in Resources */,
				E4BC9A381A27500E00BC4C2C /* deguo.gif in Resources */,
				E4BC9A3C1A27500E00BC4C2C /* helan.gif in Resources */,
				E4BC9A421A27500E00BC4C2C /* ydl.gif in Resources */,
				E4BC9A3A1A27500E00BC4C2C /* flags.plist in Resources */,
				E4BC9A111A273E5B00BC4C2C /* LaunchScreen.xib in Resources */,
				E4BC9A371A27500E00BC4C2C /* baxi.gif in Resources */,
				E4BC9A441A27500E00BC4C2C /* zhongguo.jpg in Resources */,
				E4BC9A411A27500E00BC4C2C /* xiby.gif in Resources */,
				E4BC9A431A27500E00BC4C2C /* ying.gif in Resources */,
				E4BC9A401A27500E00BC4C2C /* wlgui.gif in Resources */,
				E4BC9A3D1A27500E00BC4C2C /* putaoya.gif in Resources */,
				E4BC9A391A27500E00BC4C2C /* faguo.gif in Resources */,
				E4BC9A0E1A273E5B00BC4C2C /* Images.xcassets in Resources */,
				E4BC9A361A27500E00BC4C2C /* agt.gif in Resources */,
				E4BC9A3F1A27500E00BC4C2C /* ruishi.gif in Resources */,
				E4BC9A3E1A27500E00BC4C2C /* ruidian.gif in Resources */,
			);
			runOnlyForDeploymentPostprocessing = 0;
		};
		E4BC9A141A273E5B00BC4C2C /* Resources */ = {
			isa = PBXResourcesBuildPhase;
			buildActionMask = 2147483647;
			files = (
			);
			runOnlyForDeploymentPostprocessing = 0;
		};
/* End PBXResourcesBuildPhase section */

/* Begin PBXSourcesBuildPhase section */
		E4BC99F91A273E5B00BC4C2C /* Sources */ = {
			isa = PBXSourcesBuildPhase;
			buildActionMask = 2147483647;
			files = (
				E4BC9A091A273E5B00BC4C2C /* ViewController.m in Sources */,
				E4BC9A501A275C9D00BC4C2C /* CPCountryView.m in Sources */,
				E4BC9A4B1A27525300BC4C2C /* CPCountry.m in Sources */,
				E4BC9A061A273E5B00BC4C2C /* AppDelegate.m in Sources */,
				E4BC9A031A273E5B00BC4C2C /* main.m in Sources */,
			);
			runOnlyForDeploymentPostprocessing = 0;
		};
		E4BC9A121A273E5B00BC4C2C /* Sources */ = {
			isa = PBXSourcesBuildPhase;
			buildActionMask = 2147483647;
			files = (
				E4BC9A1D1A273E5B00BC4C2C /* CountryPickerTests.m in Sources */,
			);
			runOnlyForDeploymentPostprocessing = 0;
		};
/* End PBXSourcesBuildPhase section */

/* Begin PBXTargetDependency section */
		E4BC9A181A273E5B00BC4C2C /* PBXTargetDependency */ = {
			isa = PBXTargetDependency;
			target = E4BC99FC1A273E5B00BC4C2C /* CountryPicker */;
			targetProxy = E4BC9A171A273E5B00BC4C2C /* PBXContainerItemProxy */;
		};
/* End PBXTargetDependency section */

/* Begin PBXVariantGroup section */
		E4BC9A0A1A273E5B00BC4C2C /* Main.storyboard */ = {
			isa = PBXVariantGroup;
			children = (
				E4BC9A0B1A273E5B00BC4C2C /* Base */,
			);
			name = Main.storyboard;
			sourceTree = "<group>";
		};
		E4BC9A0F1A273E5B00BC4C2C /* LaunchScreen.xib */ = {
			isa = PBXVariantGroup;
			children = (
				E4BC9A101A273E5B00BC4C2C /* Base */,
			);
			name = LaunchScreen.xib;
			sourceTree = "<group>";
		};
/* End PBXVariantGroup section */

/* Begin XCBuildConfiguration section */
		E4BC9A1E1A273E5B00BC4C2C /* Debug */ = {
			isa = XCBuildConfiguration;
			buildSettings = {
				ALWAYS_SEARCH_USER_PATHS = NO;
				CLANG_CXX_LANGUAGE_STANDARD = "gnu++0x";
				CLANG_CXX_LIBRARY = "libc++";
				CLANG_ENABLE_MODULES = YES;
				CLANG_ENABLE_OBJC_ARC = YES;
				CLANG_WARN_BOOL_CONVERSION = YES;
				CLANG_WARN_CONSTANT_CONVERSION = YES;
				CLANG_WARN_DIRECT_OBJC_ISA_USAGE = YES_ERROR;
				CLANG_WARN_EMPTY_BODY = YES;
				CLANG_WARN_ENUM_CONVERSION = YES;
				CLANG_WARN_INT_CONVERSION = YES;
				CLANG_WARN_OBJC_ROOT_CLASS = YES_ERROR;
				CLANG_WARN_UNREACHABLE_CODE = YES;
				CLANG_WARN__DUPLICATE_METHOD_MATCH = YES;
				"CODE_SIGN_IDENTITY[sdk=iphoneos*]" = "iPhone Developer";
				COPY_PHASE_STRIP = NO;
				ENABLE_STRICT_OBJC_MSGSEND = YES;
				GCC_C_LANGUAGE_STANDARD = gnu99;
				GCC_DYNAMIC_NO_PIC = NO;
				GCC_OPTIMIZATION_LEVEL = 0;
				GCC_PREPROCESSOR_DEFINITIONS = (
					"DEBUG=1",
					"$(inherited)",
				);
				GCC_SYMBOLS_PRIVATE_EXTERN = NO;
				GCC_WARN_64_TO_32_BIT_CONVERSION = YES;
				GCC_WARN_ABOUT_RETURN_TYPE = YES_ERROR;
				GCC_WARN_UNDECLARED_SELECTOR = YES;
				GCC_WARN_UNINITIALIZED_AUTOS = YES_AGGRESSIVE;
				GCC_WARN_UNUSED_FUNCTION = YES;
				GCC_WARN_UNUSED_VARIABLE = YES;
				IPHONEOS_DEPLOYMENT_TARGET = 8.1;
				MTL_ENABLE_DEBUG_INFO = YES;
				ONLY_ACTIVE_ARCH = YES;
				SDKROOT = iphoneos;
			};
			name = Debug;
		};
		E4BC9A1F1A273E5B00BC4C2C /* Release */ = {
			isa = XCBuildConfiguration;
			buildSettings = {
				ALWAYS_SEARCH_USER_PATHS = NO;
				CLANG_CXX_LANGUAGE_STANDARD = "gnu++0x";
				CLANG_CXX_LIBRARY = "libc++";
				CLANG_ENABLE_MODULES = YES;
				CLANG_ENABLE_OBJC_ARC = YES;
				CLANG_WARN_BOOL_CONVERSION = YES;
				CLANG_WARN_CONSTANT_CONVERSION = YES;
				CLANG_WARN_DIRECT_OBJC_ISA_USAGE = YES_ERROR;
				CLANG_WARN_EMPTY_BODY = YES;
				CLANG_WARN_ENUM_CONVERSION = YES;
				CLANG_WARN_INT_CONVERSION = YES;
				CLANG_WARN_OBJC_ROOT_CLASS = YES_ERROR;
				CLANG_WARN_UNREACHABLE_CODE = YES;
				CLANG_WARN__DUPLICATE_METHOD_MATCH = YES;
				"CODE_SIGN_IDENTITY[sdk=iphoneos*]" = "iPhone Developer";
				COPY_PHASE_STRIP = YES;
				ENABLE_NS_ASSERTIONS = NO;
				ENABLE_STRICT_OBJC_MSGSEND = YES;
				GCC_C_LANGUAGE_STANDARD = gnu99;
				GCC_WARN_64_TO_32_BIT_CONVERSION = YES;
				GCC_WARN_ABOUT_RETURN_TYPE = YES_ERROR;
				GCC_WARN_UNDECLARED_SELECTOR = YES;
				GCC_WARN_UNINITIALIZED_AUTOS = YES_AGGRESSIVE;
				GCC_WARN_UNUSED_FUNCTION = YES;
				GCC_WARN_UNUSED_VARIABLE = YES;
				IPHONEOS_DEPLOYMENT_TARGET = 8.1;
				MTL_ENABLE_DEBUG_INFO = NO;
				SDKROOT = iphoneos;
				VALIDATE_PRODUCT = YES;
			};
			name = Release;
		};
		E4BC9A211A273E5B00BC4C2C /* Debug */ = {
			isa = XCBuildConfiguration;
			buildSettings = {
				ASSETCATALOG_COMPILER_APPICON_NAME = AppIcon;
				INFOPLIST_FILE = CountryPicker/Info.plist;
				LD_RUNPATH_SEARCH_PATHS = "$(inherited) @executable_path/Frameworks";
				PRODUCT_NAME = "$(TARGET_NAME)";
			};
			name = Debug;
		};
		E4BC9A221A273E5B00BC4C2C /* Release */ = {
			isa = XCBuildConfiguration;
			buildSettings = {
				ASSETCATALOG_COMPILER_APPICON_NAME = AppIcon;
				INFOPLIST_FILE = CountryPicker/Info.plist;
				LD_RUNPATH_SEARCH_PATHS = "$(inherited) @executable_path/Frameworks";
				PRODUCT_NAME = "$(TARGET_NAME)";
			};
			name = Release;
		};
		E4BC9A241A273E5B00BC4C2C /* Debug */ = {
			isa = XCBuildConfiguration;
			buildSettings = {
				BUNDLE_LOADER = "$(TEST_HOST)";
				FRAMEWORK_SEARCH_PATHS = (
					"$(SDKROOT)/Developer/Library/Frameworks",
					"$(inherited)",
				);
				GCC_PREPROCESSOR_DEFINITIONS = (
					"DEBUG=1",
					"$(inherited)",
				);
				INFOPLIST_FILE = CountryPickerTests/Info.plist;
				LD_RUNPATH_SEARCH_PATHS = "$(inherited) @executable_path/Frameworks @loader_path/Frameworks";
				PRODUCT_NAME = "$(TARGET_NAME)";
				TEST_HOST = "$(BUILT_PRODUCTS_DIR)/CountryPicker.app/CountryPicker";
			};
			name = Debug;
		};
		E4BC9A251A273E5B00BC4C2C /* Release */ = {
			isa = XCBuildConfiguration;
			buildSettings = {
				BUNDLE_LOADER = "$(TEST_HOST)";
				FRAMEWORK_SEARCH_PATHS = (
					"$(SDKROOT)/Developer/Library/Frameworks",
					"$(inherited)",
				);
				INFOPLIST_FILE = CountryPickerTests/Info.plist;
				LD_RUNPATH_SEARCH_PATHS = "$(inherited) @executable_path/Frameworks @loader_path/Frameworks";
				PRODUCT_NAME = "$(TARGET_NAME)";
				TEST_HOST = "$(BUILT_PRODUCTS_DIR)/CountryPicker.app/CountryPicker";
			};
			name = Release;
		};
/* End XCBuildConfiguration section */

/* Begin XCConfigurationList section */
		E4BC99F81A273E5B00BC4C2C /* Build configuration list for PBXProject "CountryPicker" */ = {
			isa = XCConfigurationList;
			buildConfigurations = (
				E4BC9A1E1A273E5B00BC4C2C /* Debug */,
				E4BC9A1F1A273E5B00BC4C2C /* Release */,
			);
			defaultConfigurationIsVisible = 0;
			defaultConfigurationName = Release;
		};
		E4BC9A201A273E5B00BC4C2C /* Build configuration list for PBXNativeTarget "CountryPicker" */ = {
			isa = XCConfigurationList;
			buildConfigurations = (
				E4BC9A211A273E5B00BC4C2C /* Debug */,
				E4BC9A221A273E5B00BC4C2C /* Release */,
			);
			defaultConfigurationIsVisible = 0;
			defaultConfigurationName = Release;
		};
		E4BC9A231A273E5B00BC4C2C /* Build configuration list for PBXNativeTarget "CountryPickerTests" */ = {
			isa = XCConfigurationList;
			buildConfigurations = (
				E4BC9A241A273E5B00BC4C2C /* Debug */,
				E4BC9A251A273E5B00BC4C2C /* Release */,
			);
			defaultConfigurationIsVisible = 0;
			defaultConfigurationName = Release;
		};
/* End XCConfigurationList section */
	};
	rootObject = E4BC99F51A273E5B00BC4C2C /* Project object */;
}
