// !$*UTF8*$!
{
	archiveVersion = 1;
	classes = {
	};
	objectVersion = 46;
	objects = {

/* Begin PBXBuildFile section */
		E49C5CED1A41B9FB003125C1 /* main.m in Sources */ = {isa = PBXBuildFile; fileRef = E49C5CEC1A41B9FB003125C1 /* main.m */; };
		E49C5CF01A41B9FB003125C1 /* AppDelegate.m in Sources */ = {isa = PBXBuildFile; fileRef = E49C5CEF1A41B9FB003125C1 /* AppDelegate.m */; };
		E49C5CF31A41B9FB003125C1 /* ViewController.m in Sources */ = {isa = PBXBuildFile; fileRef = E49C5CF21A41B9FB003125C1 /* ViewController.m */; };
		E49C5CF61A41B9FB003125C1 /* Main.storyboard in Resources */ = {isa = PBXBuildFile; fileRef = E49C5CF41A41B9FB003125C1 /* Main.storyboard */; };
		E49C5CF81A41B9FB003125C1 /* Images.xcassets in Resources */ = {isa = PBXBuildFile; fileRef = E49C5CF71A41B9FB003125C1 /* Images.xcassets */; };
		E49C5CFB1A41B9FB003125C1 /* LaunchScreen.xib in Resources */ = {isa = PBXBuildFile; fileRef = E49C5CF91A41B9FB003125C1 /* LaunchScreen.xib */; };
		E49C5D071A41B9FB003125C1 /* TouchEventsTests.m in Sources */ = {isa = PBXBuildFile; fileRef = E49C5D061A41B9FB003125C1 /* TouchEventsTests.m */; };
		E49C5D141A41D632003125C1 /* MultiTouchViewController.m in Sources */ = {isa = PBXBuildFile; fileRef = E49C5D131A41D632003125C1 /* MultiTouchViewController.m */; };
		E49C5D181A41E818003125C1 /* ResponderChainViewController.m in Sources */ = {isa = PBXBuildFile; fileRef = E49C5D171A41E818003125C1 /* ResponderChainViewController.m */; };
		E49C5D1B1A41EEF7003125C1 /* ResponderView.m in Sources */ = {isa = PBXBuildFile; fileRef = E49C5D1A1A41EEF7003125C1 /* ResponderView.m */; };
/* End PBXBuildFile section */

/* Begin PBXContainerItemProxy section */
		E49C5D011A41B9FB003125C1 /* PBXContainerItemProxy */ = {
			isa = PBXContainerItemProxy;
			containerPortal = E49C5CDF1A41B9FB003125C1 /* Project object */;
			proxyType = 1;
			remoteGlobalIDString = E49C5CE61A41B9FB003125C1;
			remoteInfo = TouchEvents;
		};
/* End PBXContainerItemProxy section */

/* Begin PBXFileReference section */
		E49C5CE71A41B9FB003125C1 /* TouchEvents.app */ = {isa = PBXFileReference; explicitFileType = wrapper.application; includeInIndex = 0; path = TouchEvents.app; sourceTree = BUILT_PRODUCTS_DIR; };
		E49C5CEB1A41B9FB003125C1 /* Info.plist */ = {isa = PBXFileReference; lastKnownFileType = text.plist.xml; path = Info.plist; sourceTree = "<group>"; };
		E49C5CEC1A41B9FB003125C1 /* main.m */ = {isa = PBXFileReference; lastKnownFileType = sourcecode.c.objc; path = main.m; sourceTree = "<group>"; };
		E49C5CEE1A41B9FB003125C1 /* AppDelegate.h */ = {isa = PBXFileReference; lastKnownFileType = sourcecode.c.h; path = AppDelegate.h; sourceTree = "<group>"; };
		E49C5CEF1A41B9FB003125C1 /* AppDelegate.m */ = {isa = PBXFileReference; lastKnownFileType = sourcecode.c.objc; path = AppDelegate.m; sourceTree = "<group>"; };
		E49C5CF11A41B9FB003125C1 /* ViewController.h */ = {isa = PBXFileReference; lastKnownFileType = sourcecode.c.h; path = ViewController.h; sourceTree = "<group>"; };
		E49C5CF21A41B9FB003125C1 /* ViewController.m */ = {isa = PBXFileReference; lastKnownFileType = sourcecode.c.objc; path = ViewController.m; sourceTree = "<group>"; };
		E49C5CF51A41B9FB003125C1 /* Base */ = {isa = PBXFileReference; lastKnownFileType = file.storyboard; name = Base; path = Base.lproj/Main.storyboard; sourceTree = "<group>"; };
		E49C5CF71A41B9FB003125C1 /* Images.xcassets */ = {isa = PBXFileReference; lastKnownFileType = folder.assetcatalog; path = Images.xcassets; sourceTree = "<group>"; };
		E49C5CFA1A41B9FB003125C1 /* Base */ = {isa = PBXFileReference; lastKnownFileType = file.xib; name = Base; path = Base.lproj/LaunchScreen.xib; sourceTree = "<group>"; };
		E49C5D001A41B9FB003125C1 /* TouchEventsTests.xctest */ = {isa = PBXFileReference; explicitFileType = wrapper.cfbundle; includeInIndex = 0; path = TouchEventsTests.xctest; sourceTree = BUILT_PRODUCTS_DIR; };
		E49C5D051A41B9FB003125C1 /* Info.plist */ = {isa = PBXFileReference; lastKnownFileType = text.plist.xml; path = Info.plist; sourceTree = "<group>"; };
		E49C5D061A41B9FB003125C1 /* TouchEventsTests.m */ = {isa = PBXFileReference; lastKnownFileType = sourcecode.c.objc; path = TouchEventsTests.m; sourceTree = "<group>"; };
		E49C5D121A41D632003125C1 /* MultiTouchViewController.h */ = {isa = PBXFileReference; fileEncoding = 4; lastKnownFileType = sourcecode.c.h; path = MultiTouchViewController.h; sourceTree = "<group>"; };
		E49C5D131A41D632003125C1 /* MultiTouchViewController.m */ = {isa = PBXFileReference; fileEncoding = 4; lastKnownFileType = sourcecode.c.objc; path = MultiTouchViewController.m; sourceTree = "<group>"; };
		E49C5D161A41E818003125C1 /* ResponderChainViewController.h */ = {isa = PBXFileReference; fileEncoding = 4; lastKnownFileType = sourcecode.c.h; path = ResponderChainViewController.h; sourceTree = "<group>"; };
		E49C5D171A41E818003125C1 /* ResponderChainViewController.m */ = {isa = PBXFileReference; fileEncoding = 4; lastKnownFileType = sourcecode.c.objc; path = ResponderChainViewController.m; sourceTree = "<group>"; };
		E49C5D191A41EEF7003125C1 /* ResponderView.h */ = {isa = PBXFileReference; fileEncoding = 4; lastKnownFileType = sourcecode.c.h; path = ResponderView.h; sourceTree = "<group>"; };
		E49C5D1A1A41EEF7003125C1 /* ResponderView.m */ = {isa = PBXFileReference; fileEncoding = 4; lastKnownFileType = sourcecode.c.objc; path = ResponderView.m; sourceTree = "<group>"; };
/* End PBXFileReference section */

/* Begin PBXFrameworksBuildPhase section */
		E49C5CE41A41B9FB003125C1 /* Frameworks */ = {
			isa = PBXFrameworksBuildPhase;
			buildActionMask = 2147483647;
			files = (
			);
			runOnlyForDeploymentPostprocessing = 0;
		};
		E49C5CFD1A41B9FB003125C1 /* Frameworks */ = {
			isa = PBXFrameworksBuildPhase;
			buildActionMask = 2147483647;
			files = (
			);
			runOnlyForDeploymentPostprocessing = 0;
		};
/* End PBXFrameworksBuildPhase section */

/* Begin PBXGroup section */
		E49C5CDE1A41B9FB003125C1 = {
			isa = PBXGroup;
			children = (
				E49C5CE91A41B9FB003125C1 /* TouchEvents */,
				E49C5D031A41B9FB003125C1 /* TouchEventsTests */,
				E49C5CE81A41B9FB003125C1 /* Products */,
			);
			sourceTree = "<group>";
		};
		E49C5CE81A41B9FB003125C1 /* Products */ = {
			isa = PBXGroup;
			children = (
				E49C5CE71A41B9FB003125C1 /* TouchEvents.app */,
				E49C5D001A41B9FB003125C1 /* TouchEventsTests.xctest */,
			);
			name = Products;
			sourceTree = "<group>";
		};
		E49C5CE91A41B9FB003125C1 /* TouchEvents */ = {
			isa = PBXGroup;
			children = (
				E49C5CEE1A41B9FB003125C1 /* AppDelegate.h */,
				E49C5CEF1A41B9FB003125C1 /* AppDelegate.m */,
				E49C5D101A41D530003125C1 /* Single Touch */,
				E49C5D111A41D5BD003125C1 /* Multiple Touch */,
				E49C5D151A41E7A6003125C1 /* Responder Chain */,
				E49C5CF41A41B9FB003125C1 /* Main.storyboard */,
				E49C5CF71A41B9FB003125C1 /* Images.xcassets */,
				E49C5CF91A41B9FB003125C1 /* LaunchScreen.xib */,
				E49C5CEA1A41B9FB003125C1 /* Supporting Files */,
			);
			path = TouchEvents;
			sourceTree = "<group>";
		};
		E49C5CEA1A41B9FB003125C1 /* Supporting Files */ = {
			isa = PBXGroup;
			children = (
				E49C5CEB1A41B9FB003125C1 /* Info.plist */,
				E49C5CEC1A41B9FB003125C1 /* main.m */,
			);
			name = "Supporting Files";
			sourceTree = "<group>";
		};
		E49C5D031A41B9FB003125C1 /* TouchEventsTests */ = {
			isa = PBXGroup;
			children = (
				E49C5D061A41B9FB003125C1 /* TouchEventsTests.m */,
				E49C5D041A41B9FB003125C1 /* Supporting Files */,
			);
			path = TouchEventsTests;
			sourceTree = "<group>";
		};
		E49C5D041A41B9FB003125C1 /* Supporting Files */ = {
			isa = PBXGroup;
			children = (
				E49C5D051A41B9FB003125C1 /* Info.plist */,
			);
			name = "Supporting Files";
			sourceTree = "<group>";
		};
		E49C5D101A41D530003125C1 /* Single Touch */ = {
			isa = PBXGroup;
			children = (
				E49C5CF11A41B9FB003125C1 /* ViewController.h */,
				E49C5CF21A41B9FB003125C1 /* ViewController.m */,
			);
			name = "Single Touch";
			sourceTree = "<group>";
		};
		E49C5D111A41D5BD003125C1 /* Multiple Touch */ = {
			isa = PBXGroup;
			children = (
				E49C5D121A41D632003125C1 /* MultiTouchViewController.h */,
				E49C5D131A41D632003125C1 /* MultiTouchViewController.m */,
			);
			name = "Multiple Touch";
			sourceTree = "<group>";
		};
		E49C5D151A41E7A6003125C1 /* Responder Chain */ = {
			isa = PBXGroup;
			children = (
				E49C5D161A41E818003125C1 /* ResponderChainViewController.h */,
				E49C5D171A41E818003125C1 /* ResponderChainViewController.m */,
				E49C5D191A41EEF7003125C1 /* ResponderView.h */,
				E49C5D1A1A41EEF7003125C1 /* ResponderView.m */,
			);
			name = "Responder Chain";
			sourceTree = "<group>";
		};
/* End PBXGroup section */

/* Begin PBXNativeTarget section */
		E49C5CE61A41B9FB003125C1 /* TouchEvents */ = {
			isa = PBXNativeTarget;
			buildConfigurationList = E49C5D0A1A41B9FB003125C1 /* Build configuration list for PBXNativeTarget "TouchEvents" */;
			buildPhases = (
				E49C5CE31A41B9FB003125C1 /* Sources */,
				E49C5CE41A41B9FB003125C1 /* Frameworks */,
				E49C5CE51A41B9FB003125C1 /* Resources */,
			);
			buildRules = (
			);
			dependencies = (
			);
			name = TouchEvents;
			productName = TouchEvents;
			productReference = E49C5CE71A41B9FB003125C1 /* TouchEvents.app */;
			productType = "com.apple.product-type.application";
		};
		E49C5CFF1A41B9FB003125C1 /* TouchEventsTests */ = {
			isa = PBXNativeTarget;
			buildConfigurationList = E49C5D0D1A41B9FB003125C1 /* Build configuration list for PBXNativeTarget "TouchEventsTests" */;
			buildPhases = (
				E49C5CFC1A41B9FB003125C1 /* Sources */,
				E49C5CFD1A41B9FB003125C1 /* Frameworks */,
				E49C5CFE1A41B9FB003125C1 /* Resources */,
			);
			buildRules = (
			);
			dependencies = (
				E49C5D021A41B9FB003125C1 /* PBXTargetDependency */,
			);
			name = TouchEventsTests;
			productName = TouchEventsTests;
			productReference = E49C5D001A41B9FB003125C1 /* TouchEventsTests.xctest */;
			productType = "com.apple.product-type.bundle.unit-test";
		};
/* End PBXNativeTarget section */

/* Begin PBXProject section */
		E49C5CDF1A41B9FB003125C1 /* Project object */ = {
			isa = PBXProject;
			attributes = {
				LastUpgradeCheck = 0610;
				ORGANIZATIONNAME = "Hannibal Yang";
				TargetAttributes = {
					E49C5CE61A41B9FB003125C1 = {
						CreatedOnToolsVersion = 6.1.1;
					};
					E49C5CFF1A41B9FB003125C1 = {
						CreatedOnToolsVersion = 6.1.1;
						TestTargetID = E49C5CE61A41B9FB003125C1;
					};
				};
			};
			buildConfigurationList = E49C5CE21A41B9FB003125C1 /* Build configuration list for PBXProject "TouchEvents" */;
			compatibilityVersion = "Xcode 3.2";
			developmentRegion = English;
			hasScannedForEncodings = 0;
			knownRegions = (
				en,
				Base,
			);
			mainGroup = E49C5CDE1A41B9FB003125C1;
			productRefGroup = E49C5CE81A41B9FB003125C1 /* Products */;
			projectDirPath = "";
			projectRoot = "";
			targets = (
				E49C5CE61A41B9FB003125C1 /* TouchEvents */,
				E49C5CFF1A41B9FB003125C1 /* TouchEventsTests */,
			);
		};
/* End PBXProject section */

/* Begin PBXResourcesBuildPhase section */
		E49C5CE51A41B9FB003125C1 /* Resources */ = {
			isa = PBXResourcesBuildPhase;
			buildActionMask = 2147483647;
			files = (
				E49C5CF61A41B9FB003125C1 /* Main.storyboard in Resources */,
				E49C5CFB1A41B9FB003125C1 /* LaunchScreen.xib in Resources */,
				E49C5CF81A41B9FB003125C1 /* Images.xcassets in Resources */,
			);
			runOnlyForDeploymentPostprocessing = 0;
		};
		E49C5CFE1A41B9FB003125C1 /* Resources */ = {
			isa = PBXResourcesBuildPhase;
			buildActionMask = 2147483647;
			files = (
			);
			runOnlyForDeploymentPostprocessing = 0;
		};
/* End PBXResourcesBuildPhase section */

/* Begin PBXSourcesBuildPhase section */
		E49C5CE31A41B9FB003125C1 /* Sources */ = {
			isa = PBXSourcesBuildPhase;
			buildActionMask = 2147483647;
			files = (
				E49C5CF31A41B9FB003125C1 /* ViewController.m in Sources */,
				E49C5CF01A41B9FB003125C1 /* AppDelegate.m in Sources */,
				E49C5D141A41D632003125C1 /* MultiTouchViewController.m in Sources */,
				E49C5D181A41E818003125C1 /* ResponderChainViewController.m in Sources */,
				E49C5CED1A41B9FB003125C1 /* main.m in Sources */,
				E49C5D1B1A41EEF7003125C1 /* ResponderView.m in Sources */,
			);
			runOnlyForDeploymentPostprocessing = 0;
		};
		E49C5CFC1A41B9FB003125C1 /* Sources */ = {
			isa = PBXSourcesBuildPhase;
			buildActionMask = 2147483647;
			files = (
				E49C5D071A41B9FB003125C1 /* TouchEventsTests.m in Sources */,
			);
			runOnlyForDeploymentPostprocessing = 0;
		};
/* End PBXSourcesBuildPhase section */

/* Begin PBXTargetDependency section */
		E49C5D021A41B9FB003125C1 /* PBXTargetDependency */ = {
			isa = PBXTargetDependency;
			target = E49C5CE61A41B9FB003125C1 /* TouchEvents */;
			targetProxy = E49C5D011A41B9FB003125C1 /* PBXContainerItemProxy */;
		};
/* End PBXTargetDependency section */

/* Begin PBXVariantGroup section */
		E49C5CF41A41B9FB003125C1 /* Main.storyboard */ = {
			isa = PBXVariantGroup;
			children = (
				E49C5CF51A41B9FB003125C1 /* Base */,
			);
			name = Main.storyboard;
			sourceTree = "<group>";
		};
		E49C5CF91A41B9FB003125C1 /* LaunchScreen.xib */ = {
			isa = PBXVariantGroup;
			children = (
				E49C5CFA1A41B9FB003125C1 /* Base */,
			);
			name = LaunchScreen.xib;
			sourceTree = "<group>";
		};
/* End PBXVariantGroup section */

/* Begin XCBuildConfiguration section */
		E49C5D081A41B9FB003125C1 /* Debug */ = {
			isa = XCBuildConfiguration;
			buildSettings = {
				ALWAYS_SEARCH_USER_PATHS = NO;
				CLANG_CXX_LANGUAGE_STANDARD = "gnu++0x";
				CLANG_CXX_LIBRARY = "libc++";
				CLANG_ENABLE_MODULES = YES;
				CLANG_ENABLE_OBJC_ARC = YES;
				CLANG_WARN_BOOL_CONVERSION = YES;
				CLANG_WARN_CONSTANT_CONVERSION = YES;
				CLANG_WARN_DIRECT_OBJC_ISA_USAGE = YES_ERROR;
				CLANG_WARN_EMPTY_BODY = YES;
				CLANG_WARN_ENUM_CONVERSION = YES;
				CLANG_WARN_INT_CONVERSION = YES;
				CLANG_WARN_OBJC_ROOT_CLASS = YES_ERROR;
				CLANG_WARN_UNREACHABLE_CODE = YES;
				CLANG_WARN__DUPLICATE_METHOD_MATCH = YES;
				"CODE_SIGN_IDENTITY[sdk=iphoneos*]" = "iPhone Developer";
				COPY_PHASE_STRIP = NO;
				ENABLE_STRICT_OBJC_MSGSEND = YES;
				GCC_C_LANGUAGE_STANDARD = gnu99;
				GCC_DYNAMIC_NO_PIC = NO;
				GCC_OPTIMIZATION_LEVEL = 0;
				GCC_PREPROCESSOR_DEFINITIONS = (
					"DEBUG=1",
					"$(inherited)",
				);
				GCC_SYMBOLS_PRIVATE_EXTERN = NO;
				GCC_WARN_64_TO_32_BIT_CONVERSION = YES;
				GCC_WARN_ABOUT_RETURN_TYPE = YES_ERROR;
				GCC_WARN_UNDECLARED_SELECTOR = YES;
				GCC_WARN_UNINITIALIZED_AUTOS = YES_AGGRESSIVE;
				GCC_WARN_UNUSED_FUNCTION = YES;
				GCC_WARN_UNUSED_VARIABLE = YES;
				IPHONEOS_DEPLOYMENT_TARGET = 8.1;
				MTL_ENABLE_DEBUG_INFO = YES;
				ONLY_ACTIVE_ARCH = YES;
				SDKROOT = iphoneos;
			};
			name = Debug;
		};
		E49C5D091A41B9FB003125C1 /* Release */ = {
			isa = XCBuildConfiguration;
			buildSettings = {
				ALWAYS_SEARCH_USER_PATHS = NO;
				CLANG_CXX_LANGUAGE_STANDARD = "gnu++0x";
				CLANG_CXX_LIBRARY = "libc++";
				CLANG_ENABLE_MODULES = YES;
				CLANG_ENABLE_OBJC_ARC = YES;
				CLANG_WARN_BOOL_CONVERSION = YES;
				CLANG_WARN_CONSTANT_CONVERSION = YES;
				CLANG_WARN_DIRECT_OBJC_ISA_USAGE = YES_ERROR;
				CLANG_WARN_EMPTY_BODY = YES;
				CLANG_WARN_ENUM_CONVERSION = YES;
				CLANG_WARN_INT_CONVERSION = YES;
				CLANG_WARN_OBJC_ROOT_CLASS = YES_ERROR;
				CLANG_WARN_UNREACHABLE_CODE = YES;
				CLANG_WARN__DUPLICATE_METHOD_MATCH = YES;
				"CODE_SIGN_IDENTITY[sdk=iphoneos*]" = "iPhone Developer";
				COPY_PHASE_STRIP = YES;
				ENABLE_NS_ASSERTIONS = NO;
				ENABLE_STRICT_OBJC_MSGSEND = YES;
				GCC_C_LANGUAGE_STANDARD = gnu99;
				GCC_WARN_64_TO_32_BIT_CONVERSION = YES;
				GCC_WARN_ABOUT_RETURN_TYPE = YES_ERROR;
				GCC_WARN_UNDECLARED_SELECTOR = YES;
				GCC_WARN_UNINITIALIZED_AUTOS = YES_AGGRESSIVE;
				GCC_WARN_UNUSED_FUNCTION = YES;
				GCC_WARN_UNUSED_VARIABLE = YES;
				IPHONEOS_DEPLOYMENT_TARGET = 8.1;
				MTL_ENABLE_DEBUG_INFO = NO;
				SDKROOT = iphoneos;
				VALIDATE_PRODUCT = YES;
			};
			name = Release;
		};
		E49C5D0B1A41B9FB003125C1 /* Debug */ = {
			isa = XCBuildConfiguration;
			buildSettings = {
				ASSETCATALOG_COMPILER_APPICON_NAME = AppIcon;
				INFOPLIST_FILE = TouchEvents/Info.plist;
				LD_RUNPATH_SEARCH_PATHS = "$(inherited) @executable_path/Frameworks";
				PRODUCT_NAME = "$(TARGET_NAME)";
			};
			name = Debug;
		};
		E49C5D0C1A41B9FB003125C1 /* Release */ = {
			isa = XCBuildConfiguration;
			buildSettings = {
				ASSETCATALOG_COMPILER_APPICON_NAME = AppIcon;
				INFOPLIST_FILE = TouchEvents/Info.plist;
				LD_RUNPATH_SEARCH_PATHS = "$(inherited) @executable_path/Frameworks";
				PRODUCT_NAME = "$(TARGET_NAME)";
			};
			name = Release;
		};
		E49C5D0E1A41B9FB003125C1 /* Debug */ = {
			isa = XCBuildConfiguration;
			buildSettings = {
				BUNDLE_LOADER = "$(TEST_HOST)";
				FRAMEWORK_SEARCH_PATHS = (
					"$(SDKROOT)/Developer/Library/Frameworks",
					"$(inherited)",
				);
				GCC_PREPROCESSOR_DEFINITIONS = (
					"DEBUG=1",
					"$(inherited)",
				);
				INFOPLIST_FILE = TouchEventsTests/Info.plist;
				LD_RUNPATH_SEARCH_PATHS = "$(inherited) @executable_path/Frameworks @loader_path/Frameworks";
				PRODUCT_NAME = "$(TARGET_NAME)";
				TEST_HOST = "$(BUILT_PRODUCTS_DIR)/TouchEvents.app/TouchEvents";
			};
			name = Debug;
		};
		E49C5D0F1A41B9FB003125C1 /* Release */ = {
			isa = XCBuildConfiguration;
			buildSettings = {
				BUNDLE_LOADER = "$(TEST_HOST)";
				FRAMEWORK_SEARCH_PATHS = (
					"$(SDKROOT)/Developer/Library/Frameworks",
					"$(inherited)",
				);
				INFOPLIST_FILE = TouchEventsTests/Info.plist;
				LD_RUNPATH_SEARCH_PATHS = "$(inherited) @executable_path/Frameworks @loader_path/Frameworks";
				PRODUCT_NAME = "$(TARGET_NAME)";
				TEST_HOST = "$(BUILT_PRODUCTS_DIR)/TouchEvents.app/TouchEvents";
			};
			name = Release;
		};
/* End XCBuildConfiguration section */

/* Begin XCConfigurationList section */
		E49C5CE21A41B9FB003125C1 /* Build configuration list for PBXProject "TouchEvents" */ = {
			isa = XCConfigurationList;
			buildConfigurations = (
				E49C5D081A41B9FB003125C1 /* Debug */,
				E49C5D091A41B9FB003125C1 /* Release */,
			);
			defaultConfigurationIsVisible = 0;
			defaultConfigurationName = Release;
		};
		E49C5D0A1A41B9FB003125C1 /* Build configuration list for PBXNativeTarget "TouchEvents" */ = {
			isa = XCConfigurationList;
			buildConfigurations = (
				E49C5D0B1A41B9FB003125C1 /* Debug */,
				E49C5D0C1A41B9FB003125C1 /* Release */,
			);
			defaultConfigurationIsVisible = 0;
		};
		E49C5D0D1A41B9FB003125C1 /* Build configuration list for PBXNativeTarget "TouchEventsTests" */ = {
			isa = XCConfigurationList;
			buildConfigurations = (
				E49C5D0E1A41B9FB003125C1 /* Debug */,
				E49C5D0F1A41B9FB003125C1 /* Release */,
			);
			defaultConfigurationIsVisible = 0;
		};
/* End XCConfigurationList section */
	};
	rootObject = E49C5CDF1A41B9FB003125C1 /* Project object */;
}
