// !$*UTF8*$!
{
	archiveVersion = 1;
	classes = {
	};
	objectVersion = 46;
	objects = {

/* Begin PBXBuildFile section */
		EF55F2E01A5ED5EB00321895 /* main.m in Sources */ = {isa = PBXBuildFile; fileRef = EF55F2DF1A5ED5EB00321895 /* main.m */; };
		EF55F2E31A5ED5EB00321895 /* AppDelegate.m in Sources */ = {isa = PBXBuildFile; fileRef = EF55F2E21A5ED5EB00321895 /* AppDelegate.m */; };
		EF55F2E61A5ED5EB00321895 /* ViewController.m in Sources */ = {isa = PBXBuildFile; fileRef = EF55F2E51A5ED5EB00321895 /* ViewController.m */; };
		EF55F2E91A5ED5EB00321895 /* Main.storyboard in Resources */ = {isa = PBXBuildFile; fileRef = EF55F2E71A5ED5EB00321895 /* Main.storyboard */; };
		EF55F2EB1A5ED5EB00321895 /* Images.xcassets in Resources */ = {isa = PBXBuildFile; fileRef = EF55F2EA1A5ED5EB00321895 /* Images.xcassets */; };
		EF55F2EE1A5ED5EB00321895 /* LaunchScreen.xib in Resources */ = {isa = PBXBuildFile; fileRef = EF55F2EC1A5ED5EB00321895 /* LaunchScreen.xib */; };
		EF55F2FA1A5ED5EB00321895 /* FMDBTests.m in Sources */ = {isa = PBXBuildFile; fileRef = EF55F2F91A5ED5EB00321895 /* FMDBTests.m */; };
		EF55F30F1A5ED65E00321895 /* FMDatabase.m in Sources */ = {isa = PBXBuildFile; fileRef = EF55F3051A5ED65E00321895 /* FMDatabase.m */; };
		EF55F3101A5ED65E00321895 /* FMDatabaseAdditions.m in Sources */ = {isa = PBXBuildFile; fileRef = EF55F3071A5ED65E00321895 /* FMDatabaseAdditions.m */; };
		EF55F3111A5ED65E00321895 /* FMDatabasePool.m in Sources */ = {isa = PBXBuildFile; fileRef = EF55F3091A5ED65E00321895 /* FMDatabasePool.m */; };
		EF55F3121A5ED65E00321895 /* FMDatabaseQueue.m in Sources */ = {isa = PBXBuildFile; fileRef = EF55F30B1A5ED65E00321895 /* FMDatabaseQueue.m */; };
		EF55F3131A5ED65E00321895 /* FMResultSet.m in Sources */ = {isa = PBXBuildFile; fileRef = EF55F30E1A5ED65E00321895 /* FMResultSet.m */; };
		EF55F3151A5ED69F00321895 /* libsqlite3.dylib in Frameworks */ = {isa = PBXBuildFile; fileRef = EF55F3141A5ED69F00321895 /* libsqlite3.dylib */; };
/* End PBXBuildFile section */

/* Begin PBXContainerItemProxy section */
		EF55F2F41A5ED5EB00321895 /* PBXContainerItemProxy */ = {
			isa = PBXContainerItemProxy;
			containerPortal = EF55F2D21A5ED5EB00321895 /* Project object */;
			proxyType = 1;
			remoteGlobalIDString = EF55F2D91A5ED5EB00321895;
			remoteInfo = FMDB;
		};
/* End PBXContainerItemProxy section */

/* Begin PBXFileReference section */
		EF55F2DA1A5ED5EB00321895 /* FMDB.app */ = {isa = PBXFileReference; explicitFileType = wrapper.application; includeInIndex = 0; path = FMDB.app; sourceTree = BUILT_PRODUCTS_DIR; };
		EF55F2DE1A5ED5EB00321895 /* Info.plist */ = {isa = PBXFileReference; lastKnownFileType = text.plist.xml; path = Info.plist; sourceTree = "<group>"; };
		EF55F2DF1A5ED5EB00321895 /* main.m */ = {isa = PBXFileReference; lastKnownFileType = sourcecode.c.objc; path = main.m; sourceTree = "<group>"; };
		EF55F2E11A5ED5EB00321895 /* AppDelegate.h */ = {isa = PBXFileReference; lastKnownFileType = sourcecode.c.h; path = AppDelegate.h; sourceTree = "<group>"; };
		EF55F2E21A5ED5EB00321895 /* AppDelegate.m */ = {isa = PBXFileReference; lastKnownFileType = sourcecode.c.objc; path = AppDelegate.m; sourceTree = "<group>"; };
		EF55F2E41A5ED5EB00321895 /* ViewController.h */ = {isa = PBXFileReference; lastKnownFileType = sourcecode.c.h; path = ViewController.h; sourceTree = "<group>"; };
		EF55F2E51A5ED5EB00321895 /* ViewController.m */ = {isa = PBXFileReference; lastKnownFileType = sourcecode.c.objc; path = ViewController.m; sourceTree = "<group>"; };
		EF55F2E81A5ED5EB00321895 /* Base */ = {isa = PBXFileReference; lastKnownFileType = file.storyboard; name = Base; path = Base.lproj/Main.storyboard; sourceTree = "<group>"; };
		EF55F2EA1A5ED5EB00321895 /* Images.xcassets */ = {isa = PBXFileReference; lastKnownFileType = folder.assetcatalog; path = Images.xcassets; sourceTree = "<group>"; };
		EF55F2ED1A5ED5EB00321895 /* Base */ = {isa = PBXFileReference; lastKnownFileType = file.xib; name = Base; path = Base.lproj/LaunchScreen.xib; sourceTree = "<group>"; };
		EF55F2F31A5ED5EB00321895 /* FMDBTests.xctest */ = {isa = PBXFileReference; explicitFileType = wrapper.cfbundle; includeInIndex = 0; path = FMDBTests.xctest; sourceTree = BUILT_PRODUCTS_DIR; };
		EF55F2F81A5ED5EB00321895 /* Info.plist */ = {isa = PBXFileReference; lastKnownFileType = text.plist.xml; path = Info.plist; sourceTree = "<group>"; };
		EF55F2F91A5ED5EB00321895 /* FMDBTests.m */ = {isa = PBXFileReference; lastKnownFileType = sourcecode.c.objc; path = FMDBTests.m; sourceTree = "<group>"; };
		EF55F3041A5ED65E00321895 /* FMDatabase.h */ = {isa = PBXFileReference; fileEncoding = 4; lastKnownFileType = sourcecode.c.h; path = FMDatabase.h; sourceTree = "<group>"; };
		EF55F3051A5ED65E00321895 /* FMDatabase.m */ = {isa = PBXFileReference; fileEncoding = 4; lastKnownFileType = sourcecode.c.objc; path = FMDatabase.m; sourceTree = "<group>"; };
		EF55F3061A5ED65E00321895 /* FMDatabaseAdditions.h */ = {isa = PBXFileReference; fileEncoding = 4; lastKnownFileType = sourcecode.c.h; path = FMDatabaseAdditions.h; sourceTree = "<group>"; };
		EF55F3071A5ED65E00321895 /* FMDatabaseAdditions.m */ = {isa = PBXFileReference; fileEncoding = 4; lastKnownFileType = sourcecode.c.objc; path = FMDatabaseAdditions.m; sourceTree = "<group>"; };
		EF55F3081A5ED65E00321895 /* FMDatabasePool.h */ = {isa = PBXFileReference; fileEncoding = 4; lastKnownFileType = sourcecode.c.h; path = FMDatabasePool.h; sourceTree = "<group>"; };
		EF55F3091A5ED65E00321895 /* FMDatabasePool.m */ = {isa = PBXFileReference; fileEncoding = 4; lastKnownFileType = sourcecode.c.objc; path = FMDatabasePool.m; sourceTree = "<group>"; };
		EF55F30A1A5ED65E00321895 /* FMDatabaseQueue.h */ = {isa = PBXFileReference; fileEncoding = 4; lastKnownFileType = sourcecode.c.h; path = FMDatabaseQueue.h; sourceTree = "<group>"; };
		EF55F30B1A5ED65E00321895 /* FMDatabaseQueue.m */ = {isa = PBXFileReference; fileEncoding = 4; lastKnownFileType = sourcecode.c.objc; path = FMDatabaseQueue.m; sourceTree = "<group>"; };
		EF55F30C1A5ED65E00321895 /* FMDB.h */ = {isa = PBXFileReference; fileEncoding = 4; lastKnownFileType = sourcecode.c.h; path = FMDB.h; sourceTree = "<group>"; };
		EF55F30D1A5ED65E00321895 /* FMResultSet.h */ = {isa = PBXFileReference; fileEncoding = 4; lastKnownFileType = sourcecode.c.h; path = FMResultSet.h; sourceTree = "<group>"; };
		EF55F30E1A5ED65E00321895 /* FMResultSet.m */ = {isa = PBXFileReference; fileEncoding = 4; lastKnownFileType = sourcecode.c.objc; path = FMResultSet.m; sourceTree = "<group>"; };
		EF55F3141A5ED69F00321895 /* libsqlite3.dylib */ = {isa = PBXFileReference; lastKnownFileType = "compiled.mach-o.dylib"; name = libsqlite3.dylib; path = usr/lib/libsqlite3.dylib; sourceTree = SDKROOT; };
/* End PBXFileReference section */

/* Begin PBXFrameworksBuildPhase section */
		EF55F2D71A5ED5EB00321895 /* Frameworks */ = {
			isa = PBXFrameworksBuildPhase;
			buildActionMask = 2147483647;
			files = (
				EF55F3151A5ED69F00321895 /* libsqlite3.dylib in Frameworks */,
			);
			runOnlyForDeploymentPostprocessing = 0;
		};
		EF55F2F01A5ED5EB00321895 /* Frameworks */ = {
			isa = PBXFrameworksBuildPhase;
			buildActionMask = 2147483647;
			files = (
			);
			runOnlyForDeploymentPostprocessing = 0;
		};
/* End PBXFrameworksBuildPhase section */

/* Begin PBXGroup section */
		EF55F2D11A5ED5EB00321895 = {
			isa = PBXGroup;
			children = (
				EF55F3141A5ED69F00321895 /* libsqlite3.dylib */,
				EF55F2DC1A5ED5EB00321895 /* FMDB */,
				EF55F2F61A5ED5EB00321895 /* FMDBTests */,
				EF55F2DB1A5ED5EB00321895 /* Products */,
			);
			sourceTree = "<group>";
		};
		EF55F2DB1A5ED5EB00321895 /* Products */ = {
			isa = PBXGroup;
			children = (
				EF55F2DA1A5ED5EB00321895 /* FMDB.app */,
				EF55F2F31A5ED5EB00321895 /* FMDBTests.xctest */,
			);
			name = Products;
			sourceTree = "<group>";
		};
		EF55F2DC1A5ED5EB00321895 /* FMDB */ = {
			isa = PBXGroup;
			children = (
				EF55F3031A5ED65E00321895 /* fmdb */,
				EF55F2E11A5ED5EB00321895 /* AppDelegate.h */,
				EF55F2E21A5ED5EB00321895 /* AppDelegate.m */,
				EF55F2E41A5ED5EB00321895 /* ViewController.h */,
				EF55F2E51A5ED5EB00321895 /* ViewController.m */,
				EF55F2E71A5ED5EB00321895 /* Main.storyboard */,
				EF55F2EA1A5ED5EB00321895 /* Images.xcassets */,
				EF55F2EC1A5ED5EB00321895 /* LaunchScreen.xib */,
				EF55F2DD1A5ED5EB00321895 /* Supporting Files */,
			);
			path = FMDB;
			sourceTree = "<group>";
		};
		EF55F2DD1A5ED5EB00321895 /* Supporting Files */ = {
			isa = PBXGroup;
			children = (
				EF55F2DE1A5ED5EB00321895 /* Info.plist */,
				EF55F2DF1A5ED5EB00321895 /* main.m */,
			);
			name = "Supporting Files";
			sourceTree = "<group>";
		};
		EF55F2F61A5ED5EB00321895 /* FMDBTests */ = {
			isa = PBXGroup;
			children = (
				EF55F2F91A5ED5EB00321895 /* FMDBTests.m */,
				EF55F2F71A5ED5EB00321895 /* Supporting Files */,
			);
			path = FMDBTests;
			sourceTree = "<group>";
		};
		EF55F2F71A5ED5EB00321895 /* Supporting Files */ = {
			isa = PBXGroup;
			children = (
				EF55F2F81A5ED5EB00321895 /* Info.plist */,
			);
			name = "Supporting Files";
			sourceTree = "<group>";
		};
		EF55F3031A5ED65E00321895 /* fmdb */ = {
			isa = PBXGroup;
			children = (
				EF55F3041A5ED65E00321895 /* FMDatabase.h */,
				EF55F3051A5ED65E00321895 /* FMDatabase.m */,
				EF55F3061A5ED65E00321895 /* FMDatabaseAdditions.h */,
				EF55F3071A5ED65E00321895 /* FMDatabaseAdditions.m */,
				EF55F3081A5ED65E00321895 /* FMDatabasePool.h */,
				EF55F3091A5ED65E00321895 /* FMDatabasePool.m */,
				EF55F30A1A5ED65E00321895 /* FMDatabaseQueue.h */,
				EF55F30B1A5ED65E00321895 /* FMDatabaseQueue.m */,
				EF55F30C1A5ED65E00321895 /* FMDB.h */,
				EF55F30D1A5ED65E00321895 /* FMResultSet.h */,
				EF55F30E1A5ED65E00321895 /* FMResultSet.m */,
			);
			path = fmdb;
			sourceTree = "<group>";
		};
/* End PBXGroup section */

/* Begin PBXNativeTarget section */
		EF55F2D91A5ED5EB00321895 /* FMDB */ = {
			isa = PBXNativeTarget;
			buildConfigurationList = EF55F2FD1A5ED5EB00321895 /* Build configuration list for PBXNativeTarget "FMDB" */;
			buildPhases = (
				EF55F2D61A5ED5EB00321895 /* Sources */,
				EF55F2D71A5ED5EB00321895 /* Frameworks */,
				EF55F2D81A5ED5EB00321895 /* Resources */,
			);
			buildRules = (
			);
			dependencies = (
			);
			name = FMDB;
			productName = FMDB;
			productReference = EF55F2DA1A5ED5EB00321895 /* FMDB.app */;
			productType = "com.apple.product-type.application";
		};
		EF55F2F21A5ED5EB00321895 /* FMDBTests */ = {
			isa = PBXNativeTarget;
			buildConfigurationList = EF55F3001A5ED5EB00321895 /* Build configuration list for PBXNativeTarget "FMDBTests" */;
			buildPhases = (
				EF55F2EF1A5ED5EB00321895 /* Sources */,
				EF55F2F01A5ED5EB00321895 /* Frameworks */,
				EF55F2F11A5ED5EB00321895 /* Resources */,
			);
			buildRules = (
			);
			dependencies = (
				EF55F2F51A5ED5EB00321895 /* PBXTargetDependency */,
			);
			name = FMDBTests;
			productName = FMDBTests;
			productReference = EF55F2F31A5ED5EB00321895 /* FMDBTests.xctest */;
			productType = "com.apple.product-type.bundle.unit-test";
		};
/* End PBXNativeTarget section */

/* Begin PBXProject section */
		EF55F2D21A5ED5EB00321895 /* Project object */ = {
			isa = PBXProject;
			attributes = {
				LastUpgradeCheck = 0610;
				ORGANIZATIONNAME = "Frankenstein Yang";
				TargetAttributes = {
					EF55F2D91A5ED5EB00321895 = {
						CreatedOnToolsVersion = 6.1.1;
					};
					EF55F2F21A5ED5EB00321895 = {
						CreatedOnToolsVersion = 6.1.1;
						TestTargetID = EF55F2D91A5ED5EB00321895;
					};
				};
			};
			buildConfigurationList = EF55F2D51A5ED5EB00321895 /* Build configuration list for PBXProject "FMDB" */;
			compatibilityVersion = "Xcode 3.2";
			developmentRegion = English;
			hasScannedForEncodings = 0;
			knownRegions = (
				en,
				Base,
			);
			mainGroup = EF55F2D11A5ED5EB00321895;
			productRefGroup = EF55F2DB1A5ED5EB00321895 /* Products */;
			projectDirPath = "";
			projectRoot = "";
			targets = (
				EF55F2D91A5ED5EB00321895 /* FMDB */,
				EF55F2F21A5ED5EB00321895 /* FMDBTests */,
			);
		};
/* End PBXProject section */

/* Begin PBXResourcesBuildPhase section */
		EF55F2D81A5ED5EB00321895 /* Resources */ = {
			isa = PBXResourcesBuildPhase;
			buildActionMask = 2147483647;
			files = (
				EF55F2E91A5ED5EB00321895 /* Main.storyboard in Resources */,
				EF55F2EE1A5ED5EB00321895 /* LaunchScreen.xib in Resources */,
				EF55F2EB1A5ED5EB00321895 /* Images.xcassets in Resources */,
			);
			runOnlyForDeploymentPostprocessing = 0;
		};
		EF55F2F11A5ED5EB00321895 /* Resources */ = {
			isa = PBXResourcesBuildPhase;
			buildActionMask = 2147483647;
			files = (
			);
			runOnlyForDeploymentPostprocessing = 0;
		};
/* End PBXResourcesBuildPhase section */

/* Begin PBXSourcesBuildPhase section */
		EF55F2D61A5ED5EB00321895 /* Sources */ = {
			isa = PBXSourcesBuildPhase;
			buildActionMask = 2147483647;
			files = (
				EF55F2E61A5ED5EB00321895 /* ViewController.m in Sources */,
				EF55F3111A5ED65E00321895 /* FMDatabasePool.m in Sources */,
				EF55F2E31A5ED5EB00321895 /* AppDelegate.m in Sources */,
				EF55F3121A5ED65E00321895 /* FMDatabaseQueue.m in Sources */,
				EF55F2E01A5ED5EB00321895 /* main.m in Sources */,
				EF55F30F1A5ED65E00321895 /* FMDatabase.m in Sources */,
				EF55F3131A5ED65E00321895 /* FMResultSet.m in Sources */,
				EF55F3101A5ED65E00321895 /* FMDatabaseAdditions.m in Sources */,
			);
			runOnlyForDeploymentPostprocessing = 0;
		};
		EF55F2EF1A5ED5EB00321895 /* Sources */ = {
			isa = PBXSourcesBuildPhase;
			buildActionMask = 2147483647;
			files = (
				EF55F2FA1A5ED5EB00321895 /* FMDBTests.m in Sources */,
			);
			runOnlyForDeploymentPostprocessing = 0;
		};
/* End PBXSourcesBuildPhase section */

/* Begin PBXTargetDependency section */
		EF55F2F51A5ED5EB00321895 /* PBXTargetDependency */ = {
			isa = PBXTargetDependency;
			target = EF55F2D91A5ED5EB00321895 /* FMDB */;
			targetProxy = EF55F2F41A5ED5EB00321895 /* PBXContainerItemProxy */;
		};
/* End PBXTargetDependency section */

/* Begin PBXVariantGroup section */
		EF55F2E71A5ED5EB00321895 /* Main.storyboard */ = {
			isa = PBXVariantGroup;
			children = (
				EF55F2E81A5ED5EB00321895 /* Base */,
			);
			name = Main.storyboard;
			sourceTree = "<group>";
		};
		EF55F2EC1A5ED5EB00321895 /* LaunchScreen.xib */ = {
			isa = PBXVariantGroup;
			children = (
				EF55F2ED1A5ED5EB00321895 /* Base */,
			);
			name = LaunchScreen.xib;
			sourceTree = "<group>";
		};
/* End PBXVariantGroup section */

/* Begin XCBuildConfiguration section */
		EF55F2FB1A5ED5EB00321895 /* Debug */ = {
			isa = XCBuildConfiguration;
			buildSettings = {
				ALWAYS_SEARCH_USER_PATHS = NO;
				CLANG_CXX_LANGUAGE_STANDARD = "gnu++0x";
				CLANG_CXX_LIBRARY = "libc++";
				CLANG_ENABLE_MODULES = YES;
				CLANG_ENABLE_OBJC_ARC = YES;
				CLANG_WARN_BOOL_CONVERSION = YES;
				CLANG_WARN_CONSTANT_CONVERSION = YES;
				CLANG_WARN_DIRECT_OBJC_ISA_USAGE = YES_ERROR;
				CLANG_WARN_EMPTY_BODY = YES;
				CLANG_WARN_ENUM_CONVERSION = YES;
				CLANG_WARN_INT_CONVERSION = YES;
				CLANG_WARN_OBJC_ROOT_CLASS = YES_ERROR;
				CLANG_WARN_UNREACHABLE_CODE = YES;
				CLANG_WARN__DUPLICATE_METHOD_MATCH = YES;
				"CODE_SIGN_IDENTITY[sdk=iphoneos*]" = "iPhone Developer";
				COPY_PHASE_STRIP = NO;
				ENABLE_STRICT_OBJC_MSGSEND = YES;
				GCC_C_LANGUAGE_STANDARD = gnu99;
				GCC_DYNAMIC_NO_PIC = NO;
				GCC_OPTIMIZATION_LEVEL = 0;
				GCC_PREPROCESSOR_DEFINITIONS = (
					"DEBUG=1",
					"$(inherited)",
				);
				GCC_SYMBOLS_PRIVATE_EXTERN = NO;
				GCC_WARN_64_TO_32_BIT_CONVERSION = YES;
				GCC_WARN_ABOUT_RETURN_TYPE = YES_ERROR;
				GCC_WARN_UNDECLARED_SELECTOR = YES;
				GCC_WARN_UNINITIALIZED_AUTOS = YES_AGGRESSIVE;
				GCC_WARN_UNUSED_FUNCTION = YES;
				GCC_WARN_UNUSED_VARIABLE = YES;
				IPHONEOS_DEPLOYMENT_TARGET = 8.1;
				MTL_ENABLE_DEBUG_INFO = YES;
				ONLY_ACTIVE_ARCH = YES;
				SDKROOT = iphoneos;
			};
			name = Debug;
		};
		EF55F2FC1A5ED5EB00321895 /* Release */ = {
			isa = XCBuildConfiguration;
			buildSettings = {
				ALWAYS_SEARCH_USER_PATHS = NO;
				CLANG_CXX_LANGUAGE_STANDARD = "gnu++0x";
				CLANG_CXX_LIBRARY = "libc++";
				CLANG_ENABLE_MODULES = YES;
				CLANG_ENABLE_OBJC_ARC = YES;
				CLANG_WARN_BOOL_CONVERSION = YES;
				CLANG_WARN_CONSTANT_CONVERSION = YES;
				CLANG_WARN_DIRECT_OBJC_ISA_USAGE = YES_ERROR;
				CLANG_WARN_EMPTY_BODY = YES;
				CLANG_WARN_ENUM_CONVERSION = YES;
				CLANG_WARN_INT_CONVERSION = YES;
				CLANG_WARN_OBJC_ROOT_CLASS = YES_ERROR;
				CLANG_WARN_UNREACHABLE_CODE = YES;
				CLANG_WARN__DUPLICATE_METHOD_MATCH = YES;
				"CODE_SIGN_IDENTITY[sdk=iphoneos*]" = "iPhone Developer";
				COPY_PHASE_STRIP = YES;
				ENABLE_NS_ASSERTIONS = NO;
				ENABLE_STRICT_OBJC_MSGSEND = YES;
				GCC_C_LANGUAGE_STANDARD = gnu99;
				GCC_WARN_64_TO_32_BIT_CONVERSION = YES;
				GCC_WARN_ABOUT_RETURN_TYPE = YES_ERROR;
				GCC_WARN_UNDECLARED_SELECTOR = YES;
				GCC_WARN_UNINITIALIZED_AUTOS = YES_AGGRESSIVE;
				GCC_WARN_UNUSED_FUNCTION = YES;
				GCC_WARN_UNUSED_VARIABLE = YES;
				IPHONEOS_DEPLOYMENT_TARGET = 8.1;
				MTL_ENABLE_DEBUG_INFO = NO;
				SDKROOT = iphoneos;
				VALIDATE_PRODUCT = YES;
			};
			name = Release;
		};
		EF55F2FE1A5ED5EB00321895 /* Debug */ = {
			isa = XCBuildConfiguration;
			buildSettings = {
				ASSETCATALOG_COMPILER_APPICON_NAME = AppIcon;
				INFOPLIST_FILE = FMDB/Info.plist;
				LD_RUNPATH_SEARCH_PATHS = "$(inherited) @executable_path/Frameworks";
				PRODUCT_NAME = "$(TARGET_NAME)";
			};
			name = Debug;
		};
		EF55F2FF1A5ED5EB00321895 /* Release */ = {
			isa = XCBuildConfiguration;
			buildSettings = {
				ASSETCATALOG_COMPILER_APPICON_NAME = AppIcon;
				INFOPLIST_FILE = FMDB/Info.plist;
				LD_RUNPATH_SEARCH_PATHS = "$(inherited) @executable_path/Frameworks";
				PRODUCT_NAME = "$(TARGET_NAME)";
			};
			name = Release;
		};
		EF55F3011A5ED5EB00321895 /* Debug */ = {
			isa = XCBuildConfiguration;
			buildSettings = {
				BUNDLE_LOADER = "$(TEST_HOST)";
				FRAMEWORK_SEARCH_PATHS = (
					"$(SDKROOT)/Developer/Library/Frameworks",
					"$(inherited)",
				);
				GCC_PREPROCESSOR_DEFINITIONS = (
					"DEBUG=1",
					"$(inherited)",
				);
				INFOPLIST_FILE = FMDBTests/Info.plist;
				LD_RUNPATH_SEARCH_PATHS = "$(inherited) @executable_path/Frameworks @loader_path/Frameworks";
				PRODUCT_NAME = "$(TARGET_NAME)";
				TEST_HOST = "$(BUILT_PRODUCTS_DIR)/FMDB.app/FMDB";
			};
			name = Debug;
		};
		EF55F3021A5ED5EB00321895 /* Release */ = {
			isa = XCBuildConfiguration;
			buildSettings = {
				BUNDLE_LOADER = "$(TEST_HOST)";
				FRAMEWORK_SEARCH_PATHS = (
					"$(SDKROOT)/Developer/Library/Frameworks",
					"$(inherited)",
				);
				INFOPLIST_FILE = FMDBTests/Info.plist;
				LD_RUNPATH_SEARCH_PATHS = "$(inherited) @executable_path/Frameworks @loader_path/Frameworks";
				PRODUCT_NAME = "$(TARGET_NAME)";
				TEST_HOST = "$(BUILT_PRODUCTS_DIR)/FMDB.app/FMDB";
			};
			name = Release;
		};
/* End XCBuildConfiguration section */

/* Begin XCConfigurationList section */
		EF55F2D51A5ED5EB00321895 /* Build configuration list for PBXProject "FMDB" */ = {
			isa = XCConfigurationList;
			buildConfigurations = (
				EF55F2FB1A5ED5EB00321895 /* Debug */,
				EF55F2FC1A5ED5EB00321895 /* Release */,
			);
			defaultConfigurationIsVisible = 0;
			defaultConfigurationName = Release;
		};
		EF55F2FD1A5ED5EB00321895 /* Build configuration list for PBXNativeTarget "FMDB" */ = {
			isa = XCConfigurationList;
			buildConfigurations = (
				EF55F2FE1A5ED5EB00321895 /* Debug */,
				EF55F2FF1A5ED5EB00321895 /* Release */,
			);
			defaultConfigurationIsVisible = 0;
		};
		EF55F3001A5ED5EB00321895 /* Build configuration list for PBXNativeTarget "FMDBTests" */ = {
			isa = XCConfigurationList;
			buildConfigurations = (
				EF55F3011A5ED5EB00321895 /* Debug */,
				EF55F3021A5ED5EB00321895 /* Release */,
			);
			defaultConfigurationIsVisible = 0;
		};
/* End XCConfigurationList section */
	};
	rootObject = EF55F2D21A5ED5EB00321895 /* Project object */;
}
